<?xml version="1.0" encoding="utf-8"?>
<Project xmlns="http://schemas.microsoft.com/developer/msbuild/2003">
  <ItemGroup>
    <Filter Include="Form Files">
      <UniqueIdentifier>{99349809-55BA-4b9d-BF79-8FDBB0286EB3}</UniqueIdentifier>
      <Extensions>ui</Extensions>
      <ParseFiles>false</ParseFiles>
    </Filter>
    <Filter Include="Form Files">
      <UniqueIdentifier>{99349809-55BA-4b9d-BF79-8FDBB0286EB3}</UniqueIdentifier>
      <Extensions>ui</Extensions>
      <ParseFiles>false</ParseFiles>
    </Filter>
    <Filter Include="Generated Files">
      <UniqueIdentifier>{71ED8ED8-ACB9-4CE9-BBE1-E00B30144E11}</UniqueIdentifier>
      <Extensions>cpp;c;cxx;moc;h;def;odl;idl;res;</Extensions>
    </Filter>
    <Filter Include="Generated Files">
      <UniqueIdentifier>{71ED8ED8-ACB9-4CE9-BBE1-E00B30144E11}</UniqueIdentifier>
      <Extensions>cpp;c;cxx;moc;h;def;odl;idl;res;</Extensions>
    </Filter>
    <Filter Include="Header Files">
      <UniqueIdentifier>{93995380-89BD-4b04-88EB-625FBE52EBFB}</UniqueIdentifier>
      <Extensions>h;hpp;hxx;hm;inl;inc;xsd</Extensions>
    </Filter>
    <Filter Include="Header Files">
      <UniqueIdentifier>{93995380-89BD-4b04-88EB-625FBE52EBFB}</UniqueIdentifier>
      <Extensions>h;hpp;hxx;hm;inl;inc;xsd</Extensions>
    </Filter>
    <Filter Include="Source Files">
      <UniqueIdentifier>{4FC737F1-C7A5-4376-A066-2A32D752A2FF}</UniqueIdentifier>
      <Extensions>cpp;c;cxx;def;odl;idl;hpj;bat;asm;asmx</Extensions>
    </Filter>
    <Filter Include="Source Files">
      <UniqueIdentifier>{4FC737F1-C7A5-4376-A066-2A32D752A2FF}</UniqueIdentifier>
      <Extensions>cpp;c;cxx;def;odl;idl;hpj;bat;asm;asmx</Extensions>
    </Filter>
  </ItemGroup>
  <ItemGroup>
    <ClCompile Include="adminWindow.cpp">
      <Filter>Source Files</Filter>
    </ClCompile>
    <ClCompile Include="calculator.cpp">
      <Filter>Source Files</Filter>
    </ClCompile>
    <ClCompile Include="calculatorWindow.cpp">
      <Filter>Source Files</Filter>
    </ClCompile>
    <ClCompile Include="charge.cpp">
      <Filter>Source Files</Filter>
    </ClCompile>
    <ClCompile Include="chargeManager.cpp">
      <Filter>Source Files</Filter>
    </ClCompile>
    <ClCompile Include="commodity.cpp">
      <Filter>Source Files</Filter>
    </ClCompile>
    <ClCompile Include="commodityManager.cpp">
      <Filter>Source Files</Filter>
    </ClCompile>
    <ClCompile Include="commodityModifyWidget.cpp">
      <Filter>Source Files</Filter>
    </ClCompile>
    <ClCompile Include="expressionGenerator.cpp">
      <Filter>Source Files</Filter>
    </ClCompile>
    <ClCompile Include="instructionDecoder.cpp">
      <Filter>Source Files</Filter>
    </ClCompile>
    <ClCompile Include="instructionGenerator.cpp">
      <Filter>Source Files</Filter>
    </ClCompile>
    <ClCompile Include="login.cpp">
      <Filter>Source Files</Filter>
    </ClCompile>
    <ClCompile Include="main.cpp">
      <Filter>Source Files</Filter>
    </ClCompile>
    <ClCompile Include="newCommodityWidget.cpp">
      <Filter>Source Files</Filter>
    </ClCompile>
    <ClCompile Include="order.cpp">
      <Filter>Source Files</Filter>
    </ClCompile>
    <ClCompile Include="orderManager.cpp">
      <Filter>Source Files</Filter>
    </ClCompile>
    <ClCompile Include="registerWindow.cpp">
      <Filter>Source Files</Filter>
    </ClCompile>
    <ClCompile Include="user.cpp">
      <Filter>Source Files</Filter>
    </ClCompile>
    <ClCompile Include="userManager.cpp">
      <Filter>Source Files</Filter>
    </ClCompile>
    <ClCompile Include="userWindow.cpp">
      <Filter>Source Files</Filter>
    </ClCompile>
  </ItemGroup>
  <ItemGroup>
    <CustomBuild Include="adminWindow.h">
      <Filter>Header Files</Filter>
    </CustomBuild>
    <ClInclude Include="calculator.h">
      <Filter>Header Files</Filter>
    </ClInclude>
    <CustomBuild Include="calculatorWindow.h">
      <Filter>Header Files</Filter>
    </CustomBuild>
    <ClInclude Include="charge.h">
      <Filter>Header Files</Filter>
    </ClInclude>
    <ClInclude Include="chargeManager.h">
      <Filter>Header Files</Filter>
    </ClInclude>
    <ClInclude Include="commodity.h">
      <Filter>Header Files</Filter>
    </ClInclude>
    <ClInclude Include="commodityManager.h">
      <Filter>Header Files</Filter>
    </ClInclude>
    <CustomBuild Include="commodityModifyWidget.h">
      <Filter>Header Files</Filter>
    </CustomBuild>
    <ClInclude Include="expressionGenerator.h">
      <Filter>Header Files</Filter>
    </ClInclude>
    <ClInclude Include="instructionDecoder.h">
      <Filter>Header Files</Filter>
    </ClInclude>
    <ClInclude Include="instructionGenerator.h">
      <Filter>Header Files</Filter>
    </ClInclude>
    <CustomBuild Include="login.h">
      <Filter>Header Files</Filter>
    </CustomBuild>
    <CustomBuild Include="newCommodityWidget.h">
      <Filter>Header Files</Filter>
    </CustomBuild>
    <ClInclude Include="order.h">
      <Filter>Header Files</Filter>
    </ClInclude>
    <ClInclude Include="orderManager.h">
      <Filter>Header Files</Filter>
    </ClInclude>
    <CustomBuild Include="registerWindow.h">
      <Filter>Header Files</Filter>
    </CustomBuild>
    <ClInclude Include="ui_adminWindow.h">
      <Filter>Header Files</Filter>
    </ClInclude>
    <ClInclude Include="ui_calculatorWindow.h">
      <Filter>Header Files</Filter>
    </ClInclude>
    <ClInclude Include="ui_commodityModifyWidget.h">
      <Filter>Header Files</Filter>
    </ClInclude>
    <ClInclude Include="ui_login.h">
      <Filter>Header Files</Filter>
    </ClInclude>
    <ClInclude Include="ui_newCommodityWidget.h">
      <Filter>Header Files</Filter>
    </ClInclude>
    <ClInclude Include="ui_registerWindow.h">
      <Filter>Header Files</Filter>
    </ClInclude>
    <ClInclude Include="ui_userWindow.h">
      <Filter>Header Files</Filter>
    </ClInclude>
    <ClInclude Include="user.h">
      <Filter>Header Files</Filter>
    </ClInclude>
    <ClInclude Include="userManager.h">
      <Filter>Header Files</Filter>
    </ClInclude>
    <CustomBuild Include="userWindow.h">
      <Filter>Header Files</Filter>
    </CustomBuild>
  </ItemGroup>
  <ItemGroup>
    <ClCompile Include="debug\moc_adminWindow.cpp">
      <Filter>Generated Files</Filter>
    </ClCompile>
    <ClCompile Include="release\moc_adminWindow.cpp">
      <Filter>Generated Files</Filter>
    </ClCompile>
    <ClCompile Include="debug\moc_calculatorWindow.cpp">
      <Filter>Generated Files</Filter>
    </ClCompile>
    <ClCompile Include="release\moc_calculatorWindow.cpp">
      <Filter>Generated Files</Filter>
    </ClCompile>
    <ClCompile Include="debug\moc_commodityModifyWidget.cpp">
      <Filter>Generated Files</Filter>
    </ClCompile>
    <ClCompile Include="release\moc_commodityModifyWidget.cpp">
      <Filter>Generated Files</Filter>
    </ClCompile>
    <ClCompile Include="debug\moc_login.cpp">
      <Filter>Generated Files</Filter>
    </ClCompile>
    <ClCompile Include="release\moc_login.cpp">
      <Filter>Generated Files</Filter>
    </ClCompile>
    <ClCompile Include="debug\moc_newCommodityWidget.cpp">
      <Filter>Generated Files</Filter>
    </ClCompile>
    <ClCompile Include="release\moc_newCommodityWidget.cpp">
      <Filter>Generated Files</Filter>
    </ClCompile>
    <CustomBuild Include="debug\moc_predefs.h.cbt">
      <Filter>Generated Files</Filter>
    </CustomBuild>
    <CustomBuild Include="release\moc_predefs.h.cbt">
      <Filter>Generated Files</Filter>
    </CustomBuild>
    <ClCompile Include="debug\moc_registerWindow.cpp">
      <Filter>Generated Files</Filter>
    </ClCompile>
    <ClCompile Include="release\moc_registerWindow.cpp">
      <Filter>Generated Files</Filter>
    </ClCompile>
    <ClCompile Include="debug\moc_userWindow.cpp">
      <Filter>Generated Files</Filter>
    </ClCompile>
    <ClCompile Include="release\moc_userWindow.cpp">
      <Filter>Generated Files</Filter>
    </ClCompile>
    <ClInclude Include="ui_adminWindow.h">
      <Filter>Generated Files</Filter>
    </ClInclude>
    <ClInclude Include="ui_calculatorWindow.h">
      <Filter>Generated Files</Filter>
    </ClInclude>
    <ClInclude Include="ui_commodityModifyWidget.h">
      <Filter>Generated Files</Filter>
    </ClInclude>
    <ClInclude Include="ui_login.h">
      <Filter>Generated Files</Filter>
    </ClInclude>
    <ClInclude Include="ui_newCommodityWidget.h">
      <Filter>Generated Files</Filter>
    </ClInclude>
    <ClInclude Include="ui_registerWindow.h">
      <Filter>Generated Files</Filter>
    </ClInclude>
    <ClInclude Include="ui_userWindow.h">
      <Filter>Generated Files</Filter>
    </ClInclude>
  </ItemGroup>
  <ItemGroup>
    <CustomBuild Include="adminWindow.ui">
      <Filter>Form Files</Filter>
    </CustomBuild>
    <CustomBuild Include="calculatorWindow.ui">
      <Filter>Form Files</Filter>
    </CustomBuild>
    <CustomBuild Include="commodityModifyWidget.ui">
      <Filter>Form Files</Filter>
    </CustomBuild>
    <CustomBuild Include="login.ui">
      <Filter>Form Files</Filter>
    </CustomBuild>
    <CustomBuild Include="newCommodityWidget.ui">
      <Filter>Form Files</Filter>
    </CustomBuild>
    <CustomBuild Include="registerWindow.ui">
      <Filter>Form Files</Filter>
    </CustomBuild>
    <CustomBuild Include="userWindow.ui">
      <Filter>Form Files</Filter>
    </CustomBuild>
  </ItemGroup>
</Project>